
Microsoft Visual Studio Solution File, Format Version 12.00
# Visual Studio 15
Project("{FAE04EC0-301F-11D3-BF4B-00C04F79EFBC}") = "HuaweiMobileServices.Core", "HuaweiMobileServices.Core.csproj", "{FC48C357-0147-E2FE-1A3C-9DC9760A3BB0}"
EndProject
Project("{FAE04EC0-301F-11D3-BF4B-00C04F79EFBC}") = "HuaweiMobileServices.Editor", "HuaweiMobileServices.Editor.csproj", "{57AF2198-8EEE-4009-F385-B4B45DAC47F6}"
EndProject
Global
	GlobalSection(SolutionConfigurationPlatforms) = preSolution
		Debug|Any CPU = Debug|Any CPU
		Release|Any CPU = Release|Any CPU
	EndGlobalSection
	GlobalSection(ProjectConfigurationPlatforms) = postSolution
		{FC48C357-0147-E2FE-1A3C-9DC9760A3BB0}.Debug|Any CPU.ActiveCfg = Debug|Any CPU
		{FC48C357-0147-E2FE-1A3C-9DC9760A3BB0}.Debug|Any CPU.Build.0 = Debug|Any CPU
		{FC48C357-0147-E2FE-1A3C-9DC9760A3BB0}.Release|Any CPU.ActiveCfg = Release|Any CPU
		{FC48C357-0147-E2FE-1A3C-9DC9760A3BB0}.Release|Any CPU.Build.0 = Release|Any CPU
		{57AF2198-8EEE-4009-F385-B4B45DAC47F6}.Debug|Any CPU.ActiveCfg = Debug|Any CPU
		{57AF2198-8EEE-4009-F385-B4B45DAC47F6}.Debug|Any CPU.Build.0 = Debug|Any CPU
		{57AF2198-8EEE-4009-F385-B4B45DAC47F6}.Release|Any CPU.ActiveCfg = Release|Any CPU
		{57AF2198-8EEE-4009-F385-B4B45DAC47F6}.Release|Any CPU.Build.0 = Release|Any CPU
	EndGlobalSection
	GlobalSection(SolutionProperties) = preSolution
		HideSolutionNode = FALSE
	EndGlobalSection
EndGlobal
