
Microsoft Visual Studio Solution File, Format Version 12.00
# Visual Studio 15
Project("{FAE04EC0-301F-11D3-BF4B-00C04F79EFBC}") = "HuaweiMobileServices.Core", "HuaweiMobileServices.Core.csproj", "{72BC4BA8-49C9-3756-504C-DB54644B6A2B}"
EndProject
Project("{FAE04EC0-301F-11D3-BF4B-00C04F79EFBC}") = "HuaweiMobileServices.Editor", "HuaweiMobileServices.Editor.csproj", "{28DF979D-BE26-93DE-D20F-050981CED466}"
EndProject
Global
	GlobalSection(SolutionConfigurationPlatforms) = preSolution
		Debug|Any CPU = Debug|Any CPU
		Release|Any CPU = Release|Any CPU
	EndGlobalSection
	GlobalSection(ProjectConfigurationPlatforms) = postSolution
		{72BC4BA8-49C9-3756-504C-DB54644B6A2B}.Debug|Any CPU.ActiveCfg = Debug|Any CPU
		{72BC4BA8-49C9-3756-504C-DB54644B6A2B}.Debug|Any CPU.Build.0 = Debug|Any CPU
		{72BC4BA8-49C9-3756-504C-DB54644B6A2B}.Release|Any CPU.ActiveCfg = Release|Any CPU
		{72BC4BA8-49C9-3756-504C-DB54644B6A2B}.Release|Any CPU.Build.0 = Release|Any CPU
		{28DF979D-BE26-93DE-D20F-050981CED466}.Debug|Any CPU.ActiveCfg = Debug|Any CPU
		{28DF979D-BE26-93DE-D20F-050981CED466}.Debug|Any CPU.Build.0 = Debug|Any CPU
		{28DF979D-BE26-93DE-D20F-050981CED466}.Release|Any CPU.ActiveCfg = Release|Any CPU
		{28DF979D-BE26-93DE-D20F-050981CED466}.Release|Any CPU.Build.0 = Release|Any CPU
	EndGlobalSection
	GlobalSection(SolutionProperties) = preSolution
		HideSolutionNode = FALSE
	EndGlobalSection
EndGlobal
